
Microsoft Visual Studio Solution File, Format Version 12.00
# Visual Studio 2012
Project("{FAE04EC0-301F-11D3-BF4B-00C04F79EFBC}") = "WCFServicios", "WCFServicios\WCFServicios.csproj", "{ED93DC8D-EFA3-454D-8AFD-B80542268AAB}"
EndProject
Project("{FAE04EC0-301F-11D3-BF4B-00C04F79EFBC}") = "WCFHost", "WCFHost\WCFHost.csproj", "{F5E1DE02-A23B-4FC5-AECE-E4E6183019DA}"
EndProject
Global
	GlobalSection(SolutionConfigurationPlatforms) = preSolution
		Debug|Any CPU = Debug|Any CPU
		Release|Any CPU = Release|Any CPU
	EndGlobalSection
	GlobalSection(ProjectConfigurationPlatforms) = postSolution
		{ED93DC8D-EFA3-454D-8AFD-B80542268AAB}.Debug|Any CPU.ActiveCfg = Debug|Any CPU
		{ED93DC8D-EFA3-454D-8AFD-B80542268AAB}.Debug|Any CPU.Build.0 = Debug|Any CPU
		{ED93DC8D-EFA3-454D-8AFD-B80542268AAB}.Release|Any CPU.ActiveCfg = Release|Any CPU
		{ED93DC8D-EFA3-454D-8AFD-B80542268AAB}.Release|Any CPU.Build.0 = Release|Any CPU
		{F5E1DE02-A23B-4FC5-AECE-E4E6183019DA}.Debug|Any CPU.ActiveCfg = Debug|Any CPU
		{F5E1DE02-A23B-4FC5-AECE-E4E6183019DA}.Debug|Any CPU.Build.0 = Debug|Any CPU
		{F5E1DE02-A23B-4FC5-AECE-E4E6183019DA}.Release|Any CPU.ActiveCfg = Release|Any CPU
		{F5E1DE02-A23B-4FC5-AECE-E4E6183019DA}.Release|Any CPU.Build.0 = Release|Any CPU
	EndGlobalSection
	GlobalSection(SolutionProperties) = preSolution
		HideSolutionNode = FALSE
	EndGlobalSection
EndGlobal
